
Microsoft Visual Studio Solution File, Format Version 12.00
# Visual Studio 14
VisualStudioVersion = 14.0.25420.1
MinimumVisualStudioVersion = 10.0.40219.1
Project("{F2A71F9B-5D33-465A-A702-920D77279786}") = "Saithe", "Saithe\Saithe.fsproj", "{4B1B583A-2D70-4C38-B823-1B7FB6C829BF}"
EndProject
Project("{F2A71F9B-5D33-465A-A702-920D77279786}") = "Tests", "Tests\Tests.fsproj", "{BF192A63-1E9F-44EE-9000-1EAC7D135C5B}"
EndProject
Project("{2150E333-8FDC-42A3-9474-1A3956D46DE8}") = "Solution Items", "Solution Items", "{D893E9C5-F60C-4FF2-BE6E-6840861C2619}"
EndProject
Project("{FAE04EC0-301F-11D3-BF4B-00C04F79EFBC}") = "CSharpTypes", "CSharpTypes\CSharpTypes.csproj", "{F8F7A953-D199-4F6E-9B6C-CC55F2070C99}"
EndProject
Project("{F2A71F9B-5D33-465A-A702-920D77279786}") = "MvcApp", "MvcApp\MvcApp.fsproj", "{01B906AA-DFBC-4B2C-BE96-C4EB4AD938E5}"
EndProject
Project("{F2A71F9B-5D33-465A-A702-920D77279786}") = "Saithe.SystemTextJson", "Saithe.SystemTextJson\Saithe.SystemTextJson.fsproj", "{377786B1-9222-44D8-834F-59E6EBC13295}"
EndProject
Project("{F2A71F9B-5D33-465A-A702-920D77279786}") = "Saithe.NewtonsoftJson", "Saithe.NewtonsoftJson\Saithe.NewtonsoftJson.fsproj", "{048AF204-1C91-4314-90E3-9376672E8A4F}"
EndProject
Global
	GlobalSection(SolutionConfigurationPlatforms) = preSolution
		Debug|Any CPU = Debug|Any CPU
		Release|Any CPU = Release|Any CPU
	EndGlobalSection
	GlobalSection(ProjectConfigurationPlatforms) = postSolution
		{4B1B583A-2D70-4C38-B823-1B7FB6C829BF}.Debug|Any CPU.ActiveCfg = Debug|Any CPU
		{4B1B583A-2D70-4C38-B823-1B7FB6C829BF}.Debug|Any CPU.Build.0 = Debug|Any CPU
		{4B1B583A-2D70-4C38-B823-1B7FB6C829BF}.Release|Any CPU.ActiveCfg = Release|Any CPU
		{4B1B583A-2D70-4C38-B823-1B7FB6C829BF}.Release|Any CPU.Build.0 = Release|Any CPU
		{BF192A63-1E9F-44EE-9000-1EAC7D135C5B}.Debug|Any CPU.ActiveCfg = Debug|Any CPU
		{BF192A63-1E9F-44EE-9000-1EAC7D135C5B}.Debug|Any CPU.Build.0 = Debug|Any CPU
		{BF192A63-1E9F-44EE-9000-1EAC7D135C5B}.Release|Any CPU.ActiveCfg = Release|Any CPU
		{BF192A63-1E9F-44EE-9000-1EAC7D135C5B}.Release|Any CPU.Build.0 = Release|Any CPU
		{F8F7A953-D199-4F6E-9B6C-CC55F2070C99}.Debug|Any CPU.ActiveCfg = Debug|Any CPU
		{F8F7A953-D199-4F6E-9B6C-CC55F2070C99}.Debug|Any CPU.Build.0 = Debug|Any CPU
		{F8F7A953-D199-4F6E-9B6C-CC55F2070C99}.Release|Any CPU.ActiveCfg = Release|Any CPU
		{F8F7A953-D199-4F6E-9B6C-CC55F2070C99}.Release|Any CPU.Build.0 = Release|Any CPU
		{01B906AA-DFBC-4B2C-BE96-C4EB4AD938E5}.Debug|Any CPU.ActiveCfg = Debug|Any CPU
		{01B906AA-DFBC-4B2C-BE96-C4EB4AD938E5}.Debug|Any CPU.Build.0 = Debug|Any CPU
		{01B906AA-DFBC-4B2C-BE96-C4EB4AD938E5}.Release|Any CPU.ActiveCfg = Release|Any CPU
		{01B906AA-DFBC-4B2C-BE96-C4EB4AD938E5}.Release|Any CPU.Build.0 = Release|Any CPU
		{377786B1-9222-44D8-834F-59E6EBC13295}.Debug|Any CPU.ActiveCfg = Debug|Any CPU
		{377786B1-9222-44D8-834F-59E6EBC13295}.Debug|Any CPU.Build.0 = Debug|Any CPU
		{377786B1-9222-44D8-834F-59E6EBC13295}.Release|Any CPU.ActiveCfg = Release|Any CPU
		{377786B1-9222-44D8-834F-59E6EBC13295}.Release|Any CPU.Build.0 = Release|Any CPU
		{048AF204-1C91-4314-90E3-9376672E8A4F}.Debug|Any CPU.ActiveCfg = Debug|Any CPU
		{048AF204-1C91-4314-90E3-9376672E8A4F}.Debug|Any CPU.Build.0 = Debug|Any CPU
		{048AF204-1C91-4314-90E3-9376672E8A4F}.Release|Any CPU.ActiveCfg = Release|Any CPU
		{048AF204-1C91-4314-90E3-9376672E8A4F}.Release|Any CPU.Build.0 = Release|Any CPU
	EndGlobalSection
	GlobalSection(SolutionProperties) = preSolution
		HideSolutionNode = FALSE
	EndGlobalSection
EndGlobal
